
Microsoft Visual Studio Solution File, Format Version 12.00
# Visual Studio Version 16
VisualStudioVersion = 16.0.31105.61
MinimumVisualStudioVersion = 10.0.40219.1
Project("{9A19103F-16F7-4668-BE54-9A1E7A4F7556}") = "YAB.CLI", "src\applications\YAB.CLI\YAB.CLI.csproj", "{0D8A9D43-5F1E-4349-82C4-0EE572A79F99}"
EndProject
Project("{2150E333-8FDC-42A3-9474-1A3956D46DE8}") = "applications", "applications", "{54AD8A7E-E840-44A3-A5DF-6D6246A06DCA}"
EndProject
Project("{2150E333-8FDC-42A3-9474-1A3956D46DE8}") = "libraries", "libraries", "{0A750672-B2E9-4011-A69C-66082B34BD0F}"
EndProject
Project("{9A19103F-16F7-4668-BE54-9A1E7A4F7556}") = "YAB.Core", "src\libraries\YAB.Core\YAB.Core.csproj", "{C68352AE-9D13-4CFA-AC46-BFD910CA8211}"
EndProject
Project("{9A19103F-16F7-4668-BE54-9A1E7A4F7556}") = "YAB.Plugins", "src\libraries\YAB.Plugins\YAB.Plugins.csproj", "{31F7EE8A-6287-4B14-B43E-2D99764A1824}"
EndProject
Project("{9A19103F-16F7-4668-BE54-9A1E7A4F7556}") = "YAB.Core.Pipelines", "src\libraries\YAB.Core.Pipelines\YAB.Core.Pipelines.csproj", "{610EB5E6-16C3-498B-A840-28C638F48DC0}"
EndProject
Project("{9A19103F-16F7-4668-BE54-9A1E7A4F7556}") = "YAB.Plugins.Injectables", "src\libraries\YAB.Plugins.Injectables\YAB.Plugins.Injectables.csproj", "{9835385D-3315-4133-A9F3-F0902439EB0A}"
EndProject
Project("{9A19103F-16F7-4668-BE54-9A1E7A4F7556}") = "YAB.Api", "src\applications\YAB.Api\YAB.Api.csproj", "{420BD09D-FBD5-4614-94E5-C422BBD10661}"
EndProject
Project("{9A19103F-16F7-4668-BE54-9A1E7A4F7556}") = "YAB.Services.Common", "src\libraries\YAB.Services.Common\YAB.Services.Common.csproj", "{0562CCB3-EEFD-45F7-B1B9-ADF3F0D6F0A9}"
EndProject
Project("{2150E333-8FDC-42A3-9474-1A3956D46DE8}") = "Plugins", "Plugins", "{85D1172C-0C25-4717-84D7-BA1A858AB082}"
EndProject
Project("{9A19103F-16F7-4668-BE54-9A1E7A4F7556}") = "TwitchBotPlugin", "extensions\TwitchBotPlugin\TwitchBotPlugin.csproj", "{89A439A6-A976-4F69-93ED-B1636CAC50E0}"
EndProject
Project("{FAE04EC0-301F-11D3-BF4B-00C04F79EFBC}") = "YAB.ApiWithFrontend", "src\applications\YAB.ApiWithFrontend\YAB.ApiWithFrontend.csproj", "{065BE4D4-56F1-4817-A2E9-0330CBE252FD}"
EndProject
Project("{FAE04EC0-301F-11D3-BF4B-00C04F79EFBC}") = "YAB.DeleteMe", "src\applications\YAB.DeleteMe\YAB.DeleteMe.csproj", "{435B80C3-3884-46D2-B556-7EBF35D683EA}"
EndProject
Global
	GlobalSection(SolutionConfigurationPlatforms) = preSolution
		Debug|Any CPU = Debug|Any CPU
		Release|Any CPU = Release|Any CPU
	EndGlobalSection
	GlobalSection(ProjectConfigurationPlatforms) = postSolution
		{0D8A9D43-5F1E-4349-82C4-0EE572A79F99}.Debug|Any CPU.ActiveCfg = Debug|Any CPU
		{0D8A9D43-5F1E-4349-82C4-0EE572A79F99}.Debug|Any CPU.Build.0 = Debug|Any CPU
		{0D8A9D43-5F1E-4349-82C4-0EE572A79F99}.Release|Any CPU.ActiveCfg = Release|Any CPU
		{0D8A9D43-5F1E-4349-82C4-0EE572A79F99}.Release|Any CPU.Build.0 = Release|Any CPU
		{C68352AE-9D13-4CFA-AC46-BFD910CA8211}.Debug|Any CPU.ActiveCfg = Debug|Any CPU
		{C68352AE-9D13-4CFA-AC46-BFD910CA8211}.Debug|Any CPU.Build.0 = Debug|Any CPU
		{C68352AE-9D13-4CFA-AC46-BFD910CA8211}.Release|Any CPU.ActiveCfg = Release|Any CPU
		{C68352AE-9D13-4CFA-AC46-BFD910CA8211}.Release|Any CPU.Build.0 = Release|Any CPU
		{31F7EE8A-6287-4B14-B43E-2D99764A1824}.Debug|Any CPU.ActiveCfg = Debug|Any CPU
		{31F7EE8A-6287-4B14-B43E-2D99764A1824}.Debug|Any CPU.Build.0 = Debug|Any CPU
		{31F7EE8A-6287-4B14-B43E-2D99764A1824}.Release|Any CPU.ActiveCfg = Release|Any CPU
		{31F7EE8A-6287-4B14-B43E-2D99764A1824}.Release|Any CPU.Build.0 = Release|Any CPU
		{610EB5E6-16C3-498B-A840-28C638F48DC0}.Debug|Any CPU.ActiveCfg = Debug|Any CPU
		{610EB5E6-16C3-498B-A840-28C638F48DC0}.Debug|Any CPU.Build.0 = Debug|Any CPU
		{610EB5E6-16C3-498B-A840-28C638F48DC0}.Release|Any CPU.ActiveCfg = Release|Any CPU
		{610EB5E6-16C3-498B-A840-28C638F48DC0}.Release|Any CPU.Build.0 = Release|Any CPU
		{9835385D-3315-4133-A9F3-F0902439EB0A}.Debug|Any CPU.ActiveCfg = Debug|Any CPU
		{9835385D-3315-4133-A9F3-F0902439EB0A}.Debug|Any CPU.Build.0 = Debug|Any CPU
		{9835385D-3315-4133-A9F3-F0902439EB0A}.Release|Any CPU.ActiveCfg = Release|Any CPU
		{9835385D-3315-4133-A9F3-F0902439EB0A}.Release|Any CPU.Build.0 = Release|Any CPU
		{420BD09D-FBD5-4614-94E5-C422BBD10661}.Debug|Any CPU.ActiveCfg = Debug|Any CPU
		{420BD09D-FBD5-4614-94E5-C422BBD10661}.Debug|Any CPU.Build.0 = Debug|Any CPU
		{420BD09D-FBD5-4614-94E5-C422BBD10661}.Release|Any CPU.ActiveCfg = Release|Any CPU
		{420BD09D-FBD5-4614-94E5-C422BBD10661}.Release|Any CPU.Build.0 = Release|Any CPU
		{0562CCB3-EEFD-45F7-B1B9-ADF3F0D6F0A9}.Debug|Any CPU.ActiveCfg = Debug|Any CPU
		{0562CCB3-EEFD-45F7-B1B9-ADF3F0D6F0A9}.Debug|Any CPU.Build.0 = Debug|Any CPU
		{0562CCB3-EEFD-45F7-B1B9-ADF3F0D6F0A9}.Release|Any CPU.ActiveCfg = Release|Any CPU
		{0562CCB3-EEFD-45F7-B1B9-ADF3F0D6F0A9}.Release|Any CPU.Build.0 = Release|Any CPU
		{89A439A6-A976-4F69-93ED-B1636CAC50E0}.Debug|Any CPU.ActiveCfg = Debug|Any CPU
		{89A439A6-A976-4F69-93ED-B1636CAC50E0}.Debug|Any CPU.Build.0 = Debug|Any CPU
		{89A439A6-A976-4F69-93ED-B1636CAC50E0}.Release|Any CPU.ActiveCfg = Release|Any CPU
		{89A439A6-A976-4F69-93ED-B1636CAC50E0}.Release|Any CPU.Build.0 = Release|Any CPU
		{065BE4D4-56F1-4817-A2E9-0330CBE252FD}.Debug|Any CPU.ActiveCfg = Debug|Any CPU
		{065BE4D4-56F1-4817-A2E9-0330CBE252FD}.Debug|Any CPU.Build.0 = Debug|Any CPU
		{065BE4D4-56F1-4817-A2E9-0330CBE252FD}.Release|Any CPU.ActiveCfg = Release|Any CPU
		{065BE4D4-56F1-4817-A2E9-0330CBE252FD}.Release|Any CPU.Build.0 = Release|Any CPU
		{435B80C3-3884-46D2-B556-7EBF35D683EA}.Debug|Any CPU.ActiveCfg = Debug|Any CPU
		{435B80C3-3884-46D2-B556-7EBF35D683EA}.Debug|Any CPU.Build.0 = Debug|Any CPU
		{435B80C3-3884-46D2-B556-7EBF35D683EA}.Release|Any CPU.ActiveCfg = Release|Any CPU
		{435B80C3-3884-46D2-B556-7EBF35D683EA}.Release|Any CPU.Build.0 = Release|Any CPU
	EndGlobalSection
	GlobalSection(SolutionProperties) = preSolution
		HideSolutionNode = FALSE
	EndGlobalSection
	GlobalSection(NestedProjects) = preSolution
		{0D8A9D43-5F1E-4349-82C4-0EE572A79F99} = {54AD8A7E-E840-44A3-A5DF-6D6246A06DCA}
		{C68352AE-9D13-4CFA-AC46-BFD910CA8211} = {0A750672-B2E9-4011-A69C-66082B34BD0F}
		{31F7EE8A-6287-4B14-B43E-2D99764A1824} = {0A750672-B2E9-4011-A69C-66082B34BD0F}
		{610EB5E6-16C3-498B-A840-28C638F48DC0} = {0A750672-B2E9-4011-A69C-66082B34BD0F}
		{9835385D-3315-4133-A9F3-F0902439EB0A} = {0A750672-B2E9-4011-A69C-66082B34BD0F}
		{420BD09D-FBD5-4614-94E5-C422BBD10661} = {54AD8A7E-E840-44A3-A5DF-6D6246A06DCA}
		{0562CCB3-EEFD-45F7-B1B9-ADF3F0D6F0A9} = {0A750672-B2E9-4011-A69C-66082B34BD0F}
		{89A439A6-A976-4F69-93ED-B1636CAC50E0} = {85D1172C-0C25-4717-84D7-BA1A858AB082}
		{065BE4D4-56F1-4817-A2E9-0330CBE252FD} = {54AD8A7E-E840-44A3-A5DF-6D6246A06DCA}
		{435B80C3-3884-46D2-B556-7EBF35D683EA} = {54AD8A7E-E840-44A3-A5DF-6D6246A06DCA}
	EndGlobalSection
	GlobalSection(ExtensibilityGlobals) = postSolution
		SolutionGuid = {DF5317AD-B66F-45CE-B71D-D88FEAC09F21}
	EndGlobalSection
EndGlobal
